
Microsoft Visual Studio Solution File, Format Version 12.00
# Visual Studio 15
VisualStudioVersion = 15.0.28307.1525
MinimumVisualStudioVersion = 10.0.40219.1
Project("{FAE04EC0-301F-11D3-BF4B-00C04F79EFBC}") = "markustei", "markustei\markustei.csproj", "{3A698438-6AF5-4B03-A90F-707F6024525F}"
EndProject
Global
	GlobalSection(SolutionConfigurationPlatforms) = preSolution
		Debug|Any CPU = Debug|Any CPU
		Release|Any CPU = Release|Any CPU
	EndGlobalSection
	GlobalSection(ProjectConfigurationPlatforms) = postSolution
		{3A698438-6AF5-4B03-A90F-707F6024525F}.Debug|Any CPU.ActiveCfg = Debug|Any CPU
		{3A698438-6AF5-4B03-A90F-707F6024525F}.Debug|Any CPU.Build.0 = Debug|Any CPU
		{3A698438-6AF5-4B03-A90F-707F6024525F}.Release|Any CPU.ActiveCfg = Release|Any CPU
		{3A698438-6AF5-4B03-A90F-707F6024525F}.Release|Any CPU.Build.0 = Release|Any CPU
	EndGlobalSection
	GlobalSection(SolutionProperties) = preSolution
		HideSolutionNode = FALSE
	EndGlobalSection
	GlobalSection(ExtensibilityGlobals) = postSolution
		SolutionGuid = {1522CAEA-4576-46E5-8395-765E2A0D2DAF}
	EndGlobalSection
EndGlobal
